
Microsoft Visual Studio Solution File, Format Version 12.00
# Visual Studio Version 16
VisualStudioVersion = 16.0.29403.142
MinimumVisualStudioVersion = 10.0.40219.1
Project("{FAE04EC0-301F-11D3-BF4B-00C04F79EFBC}") = "Editor", "Editor\Editor.csproj", "{E8F5EE61-EBB1-4B41-ADAC-3BDED6B4399F}"
EndProject
Global
	GlobalSection(SolutionConfigurationPlatforms) = preSolution
		Debug|Any CPU = Debug|Any CPU
		Release|Any CPU = Release|Any CPU
	EndGlobalSection
	GlobalSection(ProjectConfigurationPlatforms) = postSolution
		{E8F5EE61-EBB1-4B41-ADAC-3BDED6B4399F}.Debug|Any CPU.ActiveCfg = Debug|Any CPU
		{E8F5EE61-EBB1-4B41-ADAC-3BDED6B4399F}.Debug|Any CPU.Build.0 = Debug|Any CPU
		{E8F5EE61-EBB1-4B41-ADAC-3BDED6B4399F}.Release|Any CPU.ActiveCfg = Release|Any CPU
		{E8F5EE61-EBB1-4B41-ADAC-3BDED6B4399F}.Release|Any CPU.Build.0 = Release|Any CPU
	EndGlobalSection
	GlobalSection(SolutionProperties) = preSolution
		HideSolutionNode = FALSE
	EndGlobalSection
	GlobalSection(ExtensibilityGlobals) = postSolution
		SolutionGuid = {BD95162B-5FCE-4A2C-97A4-D6D919C6BE08}
	EndGlobalSection
EndGlobal
